
Microsoft Visual Studio Solution File, Format Version 12.00
# Visual Studio Version 17
VisualStudioVersion = 17.5.33530.505
MinimumVisualStudioVersion = 10.0.40219.1
Project("{FAE04EC0-301F-11D3-BF4B-00C04F79EFBC}") = "Ejercicio3For", "Ejercicio3For\Ejercicio3For.csproj", "{B81D7F66-2900-4FF5-9B5C-6A233091E595}"
EndProject
Global
	GlobalSection(SolutionConfigurationPlatforms) = preSolution
		Debug|Any CPU = Debug|Any CPU
		Release|Any CPU = Release|Any CPU
	EndGlobalSection
	GlobalSection(ProjectConfigurationPlatforms) = postSolution
		{B81D7F66-2900-4FF5-9B5C-6A233091E595}.Debug|Any CPU.ActiveCfg = Debug|Any CPU
		{B81D7F66-2900-4FF5-9B5C-6A233091E595}.Debug|Any CPU.Build.0 = Debug|Any CPU
		{B81D7F66-2900-4FF5-9B5C-6A233091E595}.Release|Any CPU.ActiveCfg = Release|Any CPU
		{B81D7F66-2900-4FF5-9B5C-6A233091E595}.Release|Any CPU.Build.0 = Release|Any CPU
	EndGlobalSection
	GlobalSection(SolutionProperties) = preSolution
		HideSolutionNode = FALSE
	EndGlobalSection
	GlobalSection(ExtensibilityGlobals) = postSolution
		SolutionGuid = {20C9182D-79A5-4D88-A754-074C4A093B74}
	EndGlobalSection
EndGlobal
